
Microsoft Visual Studio Solution File, Format Version 12.00
# Visual Studio Version 16
VisualStudioVersion = 16.0.31321.278
MinimumVisualStudioVersion = 10.0.40219.1
Project("{FAE04EC0-301F-11D3-BF4B-00C04F79EFBC}") = "FoodMadeReadyDiscard", "FoodMadeReadyDiscard\FoodMadeReadyDiscard.csproj", "{CDABDBD8-D74C-4BF6-A9B3-34142FE741D5}"
EndProject
Global
	GlobalSection(SolutionConfigurationPlatforms) = preSolution
		Debug|Any CPU = Debug|Any CPU
		Release|Any CPU = Release|Any CPU
	EndGlobalSection
	GlobalSection(ProjectConfigurationPlatforms) = postSolution
		{CDABDBD8-D74C-4BF6-A9B3-34142FE741D5}.Debug|Any CPU.ActiveCfg = Debug|Any CPU
		{CDABDBD8-D74C-4BF6-A9B3-34142FE741D5}.Debug|Any CPU.Build.0 = Debug|Any CPU
		{CDABDBD8-D74C-4BF6-A9B3-34142FE741D5}.Release|Any CPU.ActiveCfg = Release|Any CPU
		{CDABDBD8-D74C-4BF6-A9B3-34142FE741D5}.Release|Any CPU.Build.0 = Release|Any CPU
	EndGlobalSection
	GlobalSection(SolutionProperties) = preSolution
		HideSolutionNode = FALSE
	EndGlobalSection
	GlobalSection(ExtensibilityGlobals) = postSolution
		SolutionGuid = {B54AE7C1-8E02-4380-8953-FDDFBA78CFE6}
	EndGlobalSection
EndGlobal
